# This file is automatically @generated by Cargo.
# It is not intended for manual editing.
version = 3

[[package]]
name = "adler32"
version = "1.0.3"
source = "registry+https://github.com/rust-lang/crates.io-index"
checksum = "7e522997b529f05601e05166c07ed17789691f562762c7f3b987263d2dedee5c"

[[package]]
name = "android_glue"
version = "0.2.3"
source = "registry+https://github.com/rust-lang/crates.io-index"
checksum = "000444226fcff248f2bc4c7625be32c63caccfecc2723a2b9f78a7487a49c407"

[[package]]
name = "approx"
version = "0.1.1"
source = "registry+https://github.com/rust-lang/crates.io-index"
checksum = "08abcc3b4e9339e33a3d0a5ed15d84a687350c05689d825e0f6655eef9e76a94"

[[package]]
name = "arrayvec"
version = "0.4.7"
source = "registry+https://github.com/rust-lang/crates.io-index"
checksum = "a1e964f9e24d588183fcb43503abda40d288c8657dfc27311516ce2f05675aef"
dependencies = [
 "nodrop",
]

[[package]]
name = "backtrace"
version = "0.2.3"
source = "registry+https://github.com/rust-lang/crates.io-index"
checksum = "346d7644f0b5f9bc73082d3b2236b69a05fd35cce0cfa3724e184e6a5c9e2a2f"
dependencies = [
 "backtrace-sys",
 "cfg-if 0.1.6",
 "dbghelp-sys",
 "kernel32-sys",
 "libc",
 "rustc-demangle",
 "winapi 0.2.8",
]

[[package]]
name = "backtrace-sys"
version = "0.1.24"
source = "registry+https://github.com/rust-lang/crates.io-index"
checksum = "c66d56ac8dabd07f6aacdaf633f4b8262f5b3601a810a0dcddffd5c22c69daa0"
dependencies = [
 "cc",
 "libc",
]

[[package]]
name = "bitflags"
version = "0.3.3"
source = "registry+https://github.com/rust-lang/crates.io-index"
checksum = "32866f4d103c4e438b1db1158aa1b1a80ee078e5d77a59a2f906fd62a577389c"

[[package]]
name = "bitflags"
version = "0.7.0"
source = "registry+https://github.com/rust-lang/crates.io-index"
checksum = "aad18937a628ec6abcd26d1489012cc0e18c21798210f491af69ded9b881106d"

[[package]]
name = "bitflags"
version = "0.9.1"
source = "registry+https://github.com/rust-lang/crates.io-index"
checksum = "4efd02e230a02e18f92fc2735f44597385ed02ad8f831e7c1c1156ee5e1ab3a5"

[[package]]
name = "bitflags"
version = "1.0.4"
source = "registry+https://github.com/rust-lang/crates.io-index"
checksum = "228047a76f468627ca71776ecdebd732a3423081fcf5125585bcd7c49886ce12"

[[package]]
name = "block"
version = "0.1.6"
source = "registry+https://github.com/rust-lang/crates.io-index"
checksum = "0d8c1fef690941d3e7788d328517591fecc684c084084702d6ff1641e993699a"

[[package]]
name = "byteorder"
version = "1.2.7"
source = "registry+https://github.com/rust-lang/crates.io-index"
checksum = "94f88df23a25417badc922ab0f5716cc1330e87f71ddd9203b3a3ccd9cedf75d"

[[package]]
name = "cc"
version = "1.0.25"
source = "registry+https://github.com/rust-lang/crates.io-index"
checksum = "f159dfd43363c4d08055a07703eb7a3406b0dac4d0584d96965a3262db3c9d16"

[[package]]
name = "cfg-if"
version = "0.1.6"
source = "registry+https://github.com/rust-lang/crates.io-index"
checksum = "082bb9b28e00d3c9d39cc03e64ce4cea0f1bb9b3fde493f0cbc008472d22bdf4"

[[package]]
name = "cfg-if"
version = "1.0.0"
source = "registry+https://github.com/rust-lang/crates.io-index"
checksum = "baf1de4339761588bc0619e3cbc0120ee582ebb74b53b4efbf79117bd2da40fd"

[[package]]
name = "cgl"
version = "0.1.5"
source = "registry+https://github.com/rust-lang/crates.io-index"
checksum = "8bdd78cca65a739cb5475dbf6b6bbb49373e327f4a6f2b499c0f98632df38c10"
dependencies = [
 "gleam",
 "libc",
]

[[package]]
name = "cgmath"
version = "0.16.1"
source = "registry+https://github.com/rust-lang/crates.io-index"
checksum = "64a4b57c8f4e3a2e9ac07e0f6abc9c24b6fc9e1b54c3478cfb598f3d0023e51c"
dependencies = [
 "approx",
 "num-traits 0.1.43",
 "rand 0.4.3",
]

[[package]]
name = "cloudabi"
version = "0.0.3"
source = "registry+https://github.com/rust-lang/crates.io-index"
checksum = "ddfc5b9aa5d4507acaf872de71051dfd0e309860e88966e1051e462a077aac4f"
dependencies = [
 "bitflags 1.0.4",
]

[[package]]
name = "cocoa"
version = "0.3.3"
source = "registry+https://github.com/rust-lang/crates.io-index"
checksum = "3afe4613f57a171039a98db1773f5840b5743cf85aaf03afb65ddfade4f4a9db"
dependencies = [
 "bitflags 0.3.3",
 "core-graphics 0.3.2",
 "libc",
 "objc",
]

[[package]]
name = "cocoa"
version = "0.5.2"
source = "registry+https://github.com/rust-lang/crates.io-index"
checksum = "1e1be5fd98bb7e8ef0eea233a4984f4e85ecdcfa002a90b8b12b7a20faf44dc1"
dependencies = [
 "bitflags 0.7.0",
 "block",
 "core-graphics 0.4.2",
 "libc",
 "objc",
]

[[package]]
name = "color_quant"
version = "1.0.1"
source = "registry+https://github.com/rust-lang/crates.io-index"
checksum = "0dbbb57365263e881e805dc77d94697c9118fd94d8da011240555aa7b23445bd"

[[package]]
name = "core-foundation"
version = "0.2.3"
source = "registry+https://github.com/rust-lang/crates.io-index"
checksum = "25bfd746d203017f7d5cbd31ee5d8e17f94b6521c7af77ece6c9e4b2d4b16c67"
dependencies = [
 "core-foundation-sys",
 "libc",
]

[[package]]
name = "core-foundation-sys"
version = "0.2.3"
source = "registry+https://github.com/rust-lang/crates.io-index"
checksum = "065a5d7ffdcbc8fa145d6f0746f3555025b9097a9e9cda59f7467abae670c78d"
dependencies = [
 "libc",
]

[[package]]
name = "core-graphics"
version = "0.3.2"
source = "registry+https://github.com/rust-lang/crates.io-index"
checksum = "0c56c6022ba22aedbaa7d231be545778becbe1c7aceda4c82ba2f2084dd4c723"
dependencies = [
 "core-foundation",
 "libc",
 "serde 0.7.15",
]

[[package]]
name = "core-graphics"
version = "0.4.2"
source = "registry+https://github.com/rust-lang/crates.io-index"
checksum = "66e998abb8823fecd2a8a7205429b17a340d447d8c69b3bce86846dcdea3e33b"
dependencies = [
 "core-foundation",
 "libc",
 "serde 0.8.23",
]

[[package]]
name = "crc32fast"
version = "1.3.2"
source = "registry+https://github.com/rust-lang/crates.io-index"
checksum = "b540bd8bc810d3885c6ea91e2018302f68baba2129ab3e88f32389ee9370880d"
dependencies = [
 "cfg-if 1.0.0",
]

[[package]]
name = "crossbeam-deque"
version = "0.2.0"
source = "registry+https://github.com/rust-lang/crates.io-index"
checksum = "f739f8c5363aca78cfb059edf753d8f0d36908c348f3d8d1503f03d8b75d9cf3"
dependencies = [
 "crossbeam-epoch",
 "crossbeam-utils",
]

[[package]]
name = "crossbeam-epoch"
version = "0.3.1"
source = "registry+https://github.com/rust-lang/crates.io-index"
checksum = "927121f5407de9956180ff5e936fe3cf4324279280001cd56b669d28ee7e9150"
dependencies = [
 "arrayvec",
 "cfg-if 0.1.6",
 "crossbeam-utils",
 "lazy_static 1.2.0",
 "memoffset",
 "nodrop",
 "scopeguard",
]

[[package]]
name = "crossbeam-utils"
version = "0.2.2"
source = "registry+https://github.com/rust-lang/crates.io-index"
checksum = "2760899e32a1d58d5abb31129f8fae5de75220bc2176e77ff7c627ae45c918d9"
dependencies = [
 "cfg-if 0.1.6",
]

[[package]]
name = "dbghelp-sys"
version = "0.2.0"
source = "registry+https://github.com/rust-lang/crates.io-index"
checksum = "97590ba53bcb8ac28279161ca943a924d1fd4a8fb3fa63302591647c4fc5b850"
dependencies = [
 "winapi 0.2.8",
 "winapi-build",
]

[[package]]
name = "deflate"
version = "0.7.19"
source = "registry+https://github.com/rust-lang/crates.io-index"
checksum = "8a6abb26e16e8d419b5c78662aa9f82857c2386a073da266840e474d5055ec86"
dependencies = [
 "adler32",
 "byteorder",
]

[[package]]
name = "dlib"
version = "0.3.1"
source = "registry+https://github.com/rust-lang/crates.io-index"
checksum = "148bce4ce1c36c4509f29cb54e62c2bd265551a9b00b38070fad551a851866ec"
dependencies = [
 "libloading",
]

[[package]]
name = "dtoa"
version = "0.4.3"
source = "registry+https://github.com/rust-lang/crates.io-index"
checksum = "6d301140eb411af13d3115f9a562c85cc6b541ade9dfa314132244aaee7489dd"

[[package]]
name = "dwmapi-sys"
version = "0.1.1"
source = "registry+https://github.com/rust-lang/crates.io-index"
checksum = "b44b6442aeab12e609aee505bd1066bdfd36b79c3fe5aad604aae91537623e76"
dependencies = [
 "winapi 0.2.8",
 "winapi-build",
]

[[package]]
name = "either"
version = "1.5.0"
source = "registry+https://github.com/rust-lang/crates.io-index"
checksum = "3be565ca5c557d7f59e7cfcf1844f9e3033650c929c6566f511e8005f205c1d0"

[[package]]
name = "fnv"
version = "1.0.6"
source = "registry+https://github.com/rust-lang/crates.io-index"
checksum = "2fad85553e09a6f881f739c29f0b00b0f01357c743266d478b68951ce23285f3"

[[package]]
name = "fs2"
version = "0.2.5"
source = "registry+https://github.com/rust-lang/crates.io-index"
checksum = "bcd414e5a1a979b931bb92f41b7a54106d3f6d2e6c253e9ce943b7cd468251ef"
dependencies = [
 "kernel32-sys",
 "libc",
 "winapi 0.2.8",
]

[[package]]
name = "fuchsia-zircon"
version = "0.3.3"
source = "registry+https://github.com/rust-lang/crates.io-index"
checksum = "2e9763c69ebaae630ba35f74888db465e49e259ba1bc0eda7d06f4a067615d82"
dependencies = [
 "bitflags 1.0.4",
 "fuchsia-zircon-sys",
]

[[package]]
name = "fuchsia-zircon-sys"
version = "0.3.3"
source = "registry+https://github.com/rust-lang/crates.io-index"
checksum = "3dcaa9ae7725d12cdb85b3ad99a434db70b468c09ded17e012d86b5c1010f7a7"

[[package]]
name = "gdi32-sys"
version = "0.1.2"
source = "registry+https://github.com/rust-lang/crates.io-index"
checksum = "8e3eb92c1107527888f86b6ebb0b7f82794777dbf172a932998660a0a2e26c11"
dependencies = [
 "winapi 0.2.8",
 "winapi-build",
]

[[package]]
name = "gif"
version = "0.10.1"
source = "registry+https://github.com/rust-lang/crates.io-index"
checksum = "dd4bca55ac1f213920ce3527ccd62386f1f15fa3f1714aeee1cf93f2c416903f"
dependencies = [
 "color_quant",
 "lzw",
]

[[package]]
name = "gl_generator"
version = "0.5.5"
source = "registry+https://github.com/rust-lang/crates.io-index"
checksum = "e7acbf2ba3d52e9e1ad96a84362129e9c1aa0af55ebfc86a91004e1b83eca61c"
dependencies = [
 "khronos_api",
 "log 0.3.9",
 "xml-rs 0.6.1",
]

[[package]]
name = "gleam"
version = "0.2.32"
source = "registry+https://github.com/rust-lang/crates.io-index"
checksum = "9590e0e578d528a080c5abac678e7efbe349a73c7316faafd4073edf5f462d01"
dependencies = [
 "gl_generator",
 "pkg-config",
]

[[package]]
name = "glium"
version = "0.16.0"
source = "registry+https://github.com/rust-lang/crates.io-index"
checksum = "7c468bf7855f25954a1140f066ebacc1ad5342fd33bf96be28e184c084176f11"
dependencies = [
 "backtrace",
 "fnv",
 "gl_generator",
 "glutin",
 "lazy_static 0.2.11",
 "smallvec",
]

[[package]]
name = "glutin"
version = "0.7.4"
source = "registry+https://github.com/rust-lang/crates.io-index"
checksum = "1f95cc9a8363627259b4a25db878eb5b1a159857bc41f525412302fa9de0f12b"
dependencies = [
 "android_glue",
 "cgl",
 "cocoa 0.3.3",
 "core-foundation",
 "core-graphics 0.3.2",
 "dwmapi-sys",
 "gdi32-sys",
 "gl_generator",
 "kernel32-sys",
 "lazy_static 0.2.11",
 "libc",
 "objc",
 "osmesa-sys",
 "shared_library",
 "shell32-sys",
 "user32-sys",
 "wayland-client",
 "winapi 0.2.8",
 "winit",
 "x11-dl",
]

[[package]]
name = "image"
version = "0.22.5"
source = "registry+https://github.com/rust-lang/crates.io-index"
checksum = "08ed2ada878397b045454ac7cfb011d73132c59f31a955d230bd1f1c2e68eb4a"
dependencies = [
 "byteorder",
 "gif",
 "jpeg-decoder",
 "num-iter",
 "num-rational",
 "num-traits 0.2.6",
 "png",
 "scoped_threadpool",
 "tiff",
]

[[package]]
name = "inflate"
version = "0.4.3"
source = "registry+https://github.com/rust-lang/crates.io-index"
checksum = "6f53b811ee8e2057ccf9643ca6b4277de90efaf5e61e55fd5254576926bb4245"
dependencies = [
 "adler32",
]

[[package]]
name = "itoa"
version = "0.3.4"
source = "registry+https://github.com/rust-lang/crates.io-index"
checksum = "8324a32baf01e2ae060e9de58ed0bc2320c9a2833491ee36cd3b4c414de4db8c"

[[package]]
name = "jpeg-decoder"
version = "0.1.15"
source = "registry+https://github.com/rust-lang/crates.io-index"
checksum = "c8b7d43206b34b3f94ea9445174bda196e772049b9bddbc620c9d29b2d20110d"
dependencies = [
 "byteorder",
 "rayon",
]

[[package]]
name = "keiro"
version = "0.1.0"
dependencies = [
 "cgmath",
 "glium",
 "image",
 "rand 0.5.5",
 "serde 1.0.80",
 "serde-xml-rs",
 "serde_derive",
]

[[package]]
name = "kernel32-sys"
version = "0.2.2"
source = "registry+https://github.com/rust-lang/crates.io-index"
checksum = "7507624b29483431c0ba2d82aece8ca6cdba9382bff4ddd0f7490560c056098d"
dependencies = [
 "winapi 0.2.8",
 "winapi-build",
]

[[package]]
name = "khronos_api"
version = "1.0.1"
source = "registry+https://github.com/rust-lang/crates.io-index"
checksum = "d5a08e2a31d665af8f1ca437eab6d00a93c9d62a549f73f9ed8fc2e55b5a91a7"

[[package]]
name = "lazy_static"
version = "0.2.11"
source = "registry+https://github.com/rust-lang/crates.io-index"
checksum = "76f033c7ad61445c5b347c7382dd1237847eb1bce590fe50365dcb33d546be73"

[[package]]
name = "lazy_static"
version = "1.2.0"
source = "registry+https://github.com/rust-lang/crates.io-index"
checksum = "a374c89b9db55895453a74c1e38861d9deec0b01b405a82516e9d5de4820dea1"

[[package]]
name = "libc"
version = "0.2.43"
source = "registry+https://github.com/rust-lang/crates.io-index"
checksum = "76e3a3ef172f1a0b9a9ff0dd1491ae5e6c948b94479a3021819ba7d860c8645d"

[[package]]
name = "libloading"
version = "0.3.4"
source = "registry+https://github.com/rust-lang/crates.io-index"
checksum = "0a020ac941774eb37e9d13d418c37b522e76899bfc4e7b1a600d529a53f83a66"
dependencies = [
 "kernel32-sys",
 "lazy_static 0.2.11",
 "target_build_utils",
 "winapi 0.2.8",
]

[[package]]
name = "log"
version = "0.3.9"
source = "registry+https://github.com/rust-lang/crates.io-index"
checksum = "e19e8d5c34a3e0e2223db8e060f9e8264aeeb5c5fc64a4ee9965c062211c024b"
dependencies = [
 "log 0.4.6",
]

[[package]]
name = "log"
version = "0.4.6"
source = "registry+https://github.com/rust-lang/crates.io-index"
checksum = "c84ec4b527950aa83a329754b01dbe3f58361d1c5efacd1f6d68c494d08a17c6"
dependencies = [
 "cfg-if 0.1.6",
]

[[package]]
name = "lzw"
version = "0.10.0"
source = "registry+https://github.com/rust-lang/crates.io-index"
checksum = "7d947cbb889ed21c2a84be6ffbaebf5b4e0f4340638cba0444907e38b56be084"

[[package]]
name = "malloc_buf"
version = "0.0.6"
source = "registry+https://github.com/rust-lang/crates.io-index"
checksum = "62bb907fe88d54d8d9ce32a3cceab4218ed2f6b7d35617cafe9adf84e43919cb"
dependencies = [
 "libc",
]

[[package]]
name = "memmap"
version = "0.4.0"
source = "registry+https://github.com/rust-lang/crates.io-index"
checksum = "69253224aa10070855ea8fe9dbe94a03fc2b1d7930bb340c9e586a7513716fea"
dependencies = [
 "fs2",
 "kernel32-sys",
 "libc",
 "winapi 0.2.8",
]

[[package]]
name = "memoffset"
version = "0.2.1"
source = "registry+https://github.com/rust-lang/crates.io-index"
checksum = "0f9dc261e2b62d7a622bf416ea3c5245cdd5d9a7fcc428c0d06804dfce1775b3"

[[package]]
name = "nodrop"
version = "0.1.12"
source = "registry+https://github.com/rust-lang/crates.io-index"
checksum = "9a2228dca57108069a5262f2ed8bd2e82496d2e074a06d1ccc7ce1687b6ae0a2"

[[package]]
name = "num-derive"
version = "0.2.3"
source = "registry+https://github.com/rust-lang/crates.io-index"
checksum = "8af1847c907c2f04d7bfd572fb25bbb4385c637fe5be163cf2f8c5d778fe1e7d"
dependencies = [
 "num-traits 0.2.6",
 "proc-macro2",
 "quote",
 "syn",
]

[[package]]
name = "num-integer"
version = "0.1.39"
source = "registry+https://github.com/rust-lang/crates.io-index"
checksum = "e83d528d2677f0518c570baf2b7abdcf0cd2d248860b68507bdcb3e91d4c0cea"
dependencies = [
 "num-traits 0.2.6",
]

[[package]]
name = "num-iter"
version = "0.1.37"
source = "registry+https://github.com/rust-lang/crates.io-index"
checksum = "af3fdbbc3291a5464dc57b03860ec37ca6bf915ed6ee385e7c6c052c422b2124"
dependencies = [
 "num-integer",
 "num-traits 0.2.6",
]

[[package]]
name = "num-rational"
version = "0.2.1"
source = "registry+https://github.com/rust-lang/crates.io-index"
checksum = "4e96f040177bb3da242b5b1ecf3f54b5d5af3efbbfb18608977a5d2767b22f10"
dependencies = [
 "num-integer",
 "num-traits 0.2.6",
]

[[package]]
name = "num-traits"
version = "0.1.43"
source = "registry+https://github.com/rust-lang/crates.io-index"
checksum = "92e5113e9fd4cc14ded8e499429f396a20f98c772a47cc8622a736e1ec843c31"
dependencies = [
 "num-traits 0.2.6",
]

[[package]]
name = "num-traits"
version = "0.2.6"
source = "registry+https://github.com/rust-lang/crates.io-index"
checksum = "0b3a5d7cc97d6d30d8b9bc8fa19bf45349ffe46241e8816f50f62f6d6aaabee1"

[[package]]
name = "num_cpus"
version = "1.8.0"
source = "registry+https://github.com/rust-lang/crates.io-index"
checksum = "c51a3322e4bca9d212ad9a158a02abc6934d005490c054a2778df73a70aa0a30"
dependencies = [
 "libc",
]

[[package]]
name = "objc"
version = "0.2.5"
source = "registry+https://github.com/rust-lang/crates.io-index"
checksum = "9833ab0efe5361b1e2122a0544a5d3359576911a42cb098c2e59be8650807367"
dependencies = [
 "malloc_buf",
]

[[package]]
name = "osmesa-sys"
version = "0.1.2"
source = "registry+https://github.com/rust-lang/crates.io-index"
checksum = "88cfece6e95d2e717e0872a7f53a8684712ad13822a7979bc760b9c77ec0013b"
dependencies = [
 "shared_library",
]

[[package]]
name = "phf"
version = "0.7.23"
source = "registry+https://github.com/rust-lang/crates.io-index"
checksum = "cec29da322b242f4c3098852c77a0ca261c9c01b806cae85a5572a1eb94db9a6"
dependencies = [
 "phf_shared",
]

[[package]]
name = "phf_codegen"
version = "0.7.23"
source = "registry+https://github.com/rust-lang/crates.io-index"
checksum = "7d187f00cd98d5afbcd8898f6cf181743a449162aeb329dcd2f3849009e605ad"
dependencies = [
 "phf_generator",
 "phf_shared",
]

[[package]]
name = "phf_generator"
version = "0.7.23"
source = "registry+https://github.com/rust-lang/crates.io-index"
checksum = "03dc191feb9b08b0dc1330d6549b795b9d81aec19efe6b4a45aec8d4caee0c4b"
dependencies = [
 "phf_shared",
 "rand 0.5.5",
]

[[package]]
name = "phf_shared"
version = "0.7.23"
source = "registry+https://github.com/rust-lang/crates.io-index"
checksum = "b539898d22d4273ded07f64a05737649dc69095d92cb87c7097ec68e3f150b93"
dependencies = [
 "siphasher",
]

[[package]]
name = "pkg-config"
version = "0.3.14"
source = "registry+https://github.com/rust-lang/crates.io-index"
checksum = "676e8eb2b1b4c9043511a9b7bea0915320d7e502b0a079fb03f9635a5252b18c"

[[package]]
name = "png"
version = "0.15.3"
source = "registry+https://github.com/rust-lang/crates.io-index"
checksum = "ef859a23054bbfee7811284275ae522f0434a3c8e7f4b74bd4a35ae7e1c4a283"
dependencies = [
 "bitflags 1.0.4",
 "crc32fast",
 "deflate",
 "inflate",
]

[[package]]
name = "proc-macro2"
version = "0.4.22"
source = "registry+https://github.com/rust-lang/crates.io-index"
checksum = "b61f1313340a5ee33012eece060675dc8039b526d69ab2265460518d027ff9cf"
dependencies = [
 "unicode-xid",
]

[[package]]
name = "quote"
version = "0.6.10"
source = "registry+https://github.com/rust-lang/crates.io-index"
checksum = "53fa22a1994bd0f9372d7a816207d8a2677ad0325b073f5c5332760f0fb62b5c"
dependencies = [
 "proc-macro2",
]

[[package]]
name = "rand"
version = "0.3.22"
source = "registry+https://github.com/rust-lang/crates.io-index"
checksum = "15a732abf9d20f0ad8eeb6f909bf6868722d9a06e1e50802b6a70351f40b4eb1"
dependencies = [
 "fuchsia-zircon",
 "libc",
 "rand 0.4.3",
]

[[package]]
name = "rand"
version = "0.4.3"
source = "registry+https://github.com/rust-lang/crates.io-index"
checksum = "8356f47b32624fef5b3301c1be97e5944ecdd595409cc5da11d05f211db6cfbd"
dependencies = [
 "fuchsia-zircon",
 "libc",
 "winapi 0.3.6",
]

[[package]]
name = "rand"
version = "0.5.5"
source = "registry+https://github.com/rust-lang/crates.io-index"
checksum = "e464cd887e869cddcae8792a4ee31d23c7edd516700695608f5b98c67ee0131c"
dependencies = [
 "cloudabi",
 "fuchsia-zircon",
 "libc",
 "rand_core 0.2.2",
 "winapi 0.3.6",
]

[[package]]
name = "rand_core"
version = "0.2.2"
source = "registry+https://github.com/rust-lang/crates.io-index"
checksum = "1961a422c4d189dfb50ffa9320bf1f2a9bd54ecb92792fb9477f99a1045f3372"
dependencies = [
 "rand_core 0.3.0",
]

[[package]]
name = "rand_core"
version = "0.3.0"
source = "registry+https://github.com/rust-lang/crates.io-index"
checksum = "0905b6b7079ec73b314d4c748701f6931eb79fd97c668caa3f1899b22b32c6db"

[[package]]
name = "rayon"
version = "1.0.3"
source = "registry+https://github.com/rust-lang/crates.io-index"
checksum = "373814f27745b2686b350dd261bfd24576a6fb0e2c5919b3a2b6005f820b0473"
dependencies = [
 "crossbeam-deque",
 "either",
 "rayon-core",
]

[[package]]
name = "rayon-core"
version = "1.4.1"
source = "registry+https://github.com/rust-lang/crates.io-index"
checksum = "b055d1e92aba6877574d8fe604a63c8b5df60f60e5982bf7ccbb1338ea527356"
dependencies = [
 "crossbeam-deque",
 "lazy_static 1.2.0",
 "libc",
 "num_cpus",
]

[[package]]
name = "redox_syscall"
version = "0.1.40"
source = "registry+https://github.com/rust-lang/crates.io-index"
checksum = "c214e91d3ecf43e9a4e41e578973adeb14b474f2bee858742d127af75a0112b1"

[[package]]
name = "rustc-demangle"
version = "0.1.9"
source = "registry+https://github.com/rust-lang/crates.io-index"
checksum = "bcfe5b13211b4d78e5c2cadfebd7769197d95c639c35a50057eb4c05de811395"

[[package]]
name = "scoped_threadpool"
version = "0.1.9"
source = "registry+https://github.com/rust-lang/crates.io-index"
checksum = "1d51f5df5af43ab3f1360b429fa5e0152ac5ce8c0bd6485cae490332e96846a8"

[[package]]
name = "scopeguard"
version = "0.3.3"
source = "registry+https://github.com/rust-lang/crates.io-index"
checksum = "94258f53601af11e6a49f722422f6e3425c52b06245a5cf9bc09908b174f5e27"

[[package]]
name = "serde"
version = "0.7.15"
source = "registry+https://github.com/rust-lang/crates.io-index"
checksum = "1b0e0732aa8ec4267f61815a396a942ba3525062e3bd5520aa8419927cfc0a92"

[[package]]
name = "serde"
version = "0.8.23"
source = "registry+https://github.com/rust-lang/crates.io-index"
checksum = "9dad3f759919b92c3068c696c15c3d17238234498bbdcc80f2c469606f948ac8"

[[package]]
name = "serde"
version = "0.9.15"
source = "registry+https://github.com/rust-lang/crates.io-index"
checksum = "34b623917345a631dc9608d5194cc206b3fe6c3554cd1c75b937e55e285254af"

[[package]]
name = "serde"
version = "1.0.80"
source = "registry+https://github.com/rust-lang/crates.io-index"
checksum = "15c141fc7027dd265a47c090bf864cf62b42c4d228bbcf4e51a0c9e2b0d3f7ef"

[[package]]
name = "serde-xml-rs"
version = "0.2.1"
source = "registry+https://github.com/rust-lang/crates.io-index"
checksum = "0c06881f4313eec67d4ecfcd8e14339f6042cfc0de4b1bd3ceae74c29d597f68"
dependencies = [
 "log 0.3.9",
 "serde 1.0.80",
 "xml-rs 0.3.6",
]

[[package]]
name = "serde_derive"
version = "1.0.80"
source = "registry+https://github.com/rust-lang/crates.io-index"
checksum = "225de307c6302bec3898c51ca302fc94a7a1697ef0845fcee6448f33c032249c"
dependencies = [
 "proc-macro2",
 "quote",
 "syn",
]

[[package]]
name = "serde_json"
version = "0.9.10"
source = "registry+https://github.com/rust-lang/crates.io-index"
checksum = "ad8bcf487be7d2e15d3d543f04312de991d631cfe1b43ea0ade69e6a8a5b16a1"
dependencies = [
 "dtoa",
 "itoa",
 "num-traits 0.1.43",
 "serde 0.9.15",
]

[[package]]
name = "shared_library"
version = "0.1.9"
source = "registry+https://github.com/rust-lang/crates.io-index"
checksum = "5a9e7e0f2bfae24d8a5b5a66c5b257a83c7412304311512a0c054cd5e619da11"
dependencies = [
 "lazy_static 1.2.0",
 "libc",
]

[[package]]
name = "shell32-sys"
version = "0.1.2"
source = "registry+https://github.com/rust-lang/crates.io-index"
checksum = "9ee04b46101f57121c9da2b151988283b6beb79b34f5bb29a58ee48cb695122c"
dependencies = [
 "winapi 0.2.8",
 "winapi-build",
]

[[package]]
name = "siphasher"
version = "0.2.3"
source = "registry+https://github.com/rust-lang/crates.io-index"
checksum = "0b8de496cf83d4ed58b6be86c3a275b8602f6ffe98d3024a869e124147a9a3ac"

[[package]]
name = "smallvec"
version = "0.1.8"
source = "registry+https://github.com/rust-lang/crates.io-index"
checksum = "fcc8d19212aacecf95e4a7a2179b26f7aeb9732a915cf01f05b0d3e044865410"

[[package]]
name = "syn"
version = "0.15.20"
source = "registry+https://github.com/rust-lang/crates.io-index"
checksum = "8886c8d2774e853fcd7d9d2131f6e40ba46c9c0e358e4d57178452abd6859bb0"
dependencies = [
 "proc-macro2",
 "quote",
 "unicode-xid",
]

[[package]]
name = "target_build_utils"
version = "0.3.1"
source = "registry+https://github.com/rust-lang/crates.io-index"
checksum = "013d134ae4a25ee744ad6129db589018558f620ddfa44043887cdd45fa08e75c"
dependencies = [
 "phf",
 "phf_codegen",
 "serde_json",
]

[[package]]
name = "tempfile"
version = "2.2.0"
source = "registry+https://github.com/rust-lang/crates.io-index"
checksum = "11ce2fe9db64b842314052e2421ac61a73ce41b898dc8e3750398b219c5fc1e0"
dependencies = [
 "kernel32-sys",
 "libc",
 "rand 0.3.22",
 "redox_syscall",
 "winapi 0.2.8",
]

[[package]]
name = "tiff"
version = "0.3.1"
source = "registry+https://github.com/rust-lang/crates.io-index"
checksum = "d7b7c2cfc4742bd8a32f2e614339dd8ce30dbcf676bb262bd63a2327bc5df57d"
dependencies = [
 "byteorder",
 "lzw",
 "num-derive",
 "num-traits 0.2.6",
]

[[package]]
name = "unicode-xid"
version = "0.1.0"
source = "registry+https://github.com/rust-lang/crates.io-index"
checksum = "fc72304796d0818e357ead4e000d19c9c174ab23dc11093ac919054d20a6a7fc"

[[package]]
name = "user32-sys"
version = "0.1.3"
source = "registry+https://github.com/rust-lang/crates.io-index"
checksum = "e6b719983b952c04198829b51653c06af36f0e44c967fcc1a2bb397ceafbf80a"
dependencies = [
 "winapi 0.2.8",
 "winapi-build",
]

[[package]]
name = "wayland-client"
version = "0.7.8"
source = "registry+https://github.com/rust-lang/crates.io-index"
checksum = "a4b2b9876c6c97ece4f1ac699b5172550df443f36942fdcdcc27768c8f1437b4"
dependencies = [
 "bitflags 0.7.0",
 "libc",
 "wayland-scanner",
 "wayland-sys",
]

[[package]]
name = "wayland-kbd"
version = "0.6.3"
source = "registry+https://github.com/rust-lang/crates.io-index"
checksum = "2b4b69d43d6cce82d95a2c5e81605abd1fa4783bf49d09cd85aa092f16081ef1"
dependencies = [
 "bitflags 0.7.0",
 "dlib",
 "lazy_static 0.2.11",
 "memmap",
 "wayland-client",
]

[[package]]
name = "wayland-scanner"
version = "0.7.8"
source = "registry+https://github.com/rust-lang/crates.io-index"
checksum = "21fd38866b7539ec70300596a905ca838e9f8212aa114fa1cebc13801fbeecff"
dependencies = [
 "xml-rs 0.3.6",
]

[[package]]
name = "wayland-sys"
version = "0.7.8"
source = "registry+https://github.com/rust-lang/crates.io-index"
checksum = "604257d049da3dc9c49a0bac58f0f09265d838959721da2c41f19db5ca8cc59f"
dependencies = [
 "dlib",
 "lazy_static 0.2.11",
]

[[package]]
name = "wayland-window"
version = "0.4.4"
source = "registry+https://github.com/rust-lang/crates.io-index"
checksum = "7595fbe537dee3a380f32104ddfcf2f43db8cb8843031531e1426eb524d1c608"
dependencies = [
 "byteorder",
 "tempfile",
 "wayland-client",
]

[[package]]
name = "winapi"
version = "0.2.8"
source = "registry+https://github.com/rust-lang/crates.io-index"
checksum = "167dc9d6949a9b857f3451275e911c3f44255842c1f7a76f33c55103a909087a"

[[package]]
name = "winapi"
version = "0.3.6"
source = "registry+https://github.com/rust-lang/crates.io-index"
checksum = "92c1eb33641e276cfa214a0522acad57be5c56b10cb348b3c5117db75f3ac4b0"
dependencies = [
 "winapi-i686-pc-windows-gnu",
 "winapi-x86_64-pc-windows-gnu",
]

[[package]]
name = "winapi-build"
version = "0.1.1"
source = "registry+https://github.com/rust-lang/crates.io-index"
checksum = "2d315eee3b34aca4797b2da6b13ed88266e6d612562a0c46390af8299fc699bc"

[[package]]
name = "winapi-i686-pc-windows-gnu"
version = "0.4.0"
source = "registry+https://github.com/rust-lang/crates.io-index"
checksum = "ac3b87c63620426dd9b991e5ce0329eff545bccbbb34f3be09ff6fb6ab51b7b6"

[[package]]
name = "winapi-x86_64-pc-windows-gnu"
version = "0.4.0"
source = "registry+https://github.com/rust-lang/crates.io-index"
checksum = "712e227841d057c1ee1cd2fb22fa7e5a5461ae8e48fa2ca79ec42cfc1931183f"

[[package]]
name = "winit"
version = "0.5.11"
source = "registry+https://github.com/rust-lang/crates.io-index"
checksum = "f68c756743f68e5420a93f72c43c9cd8d3b89163692e09a5b53c12caf82386ba"
dependencies = [
 "android_glue",
 "cgl",
 "cocoa 0.5.2",
 "core-foundation",
 "core-graphics 0.4.2",
 "dwmapi-sys",
 "gdi32-sys",
 "kernel32-sys",
 "lazy_static 0.2.11",
 "libc",
 "objc",
 "shared_library",
 "shell32-sys",
 "user32-sys",
 "wayland-client",
 "wayland-kbd",
 "wayland-window",
 "winapi 0.2.8",
 "x11-dl",
]

[[package]]
name = "x11-dl"
version = "2.18.3"
source = "registry+https://github.com/rust-lang/crates.io-index"
checksum = "940586acb859ea05c53971ac231685799a7ec1dee66ac0bccc0e6ad96e06b4e3"
dependencies = [
 "lazy_static 1.2.0",
 "libc",
 "pkg-config",
]

[[package]]
name = "xml-rs"
version = "0.3.6"
source = "registry+https://github.com/rust-lang/crates.io-index"
checksum = "7ec6c39eaa68382c8e31e35239402c0a9489d4141a8ceb0c716099a0b515b562"
dependencies = [
 "bitflags 0.7.0",
]

[[package]]
name = "xml-rs"
version = "0.6.1"
source = "registry+https://github.com/rust-lang/crates.io-index"
checksum = "e1945e12e16b951721d7976520b0832496ef79c31602c7a29d950de79ba74621"
dependencies = [
 "bitflags 0.9.1",
]
